
Microsoft Visual Studio Solution File, Format Version 12.00
# Visual Studio 2013
Project("{FAE04EC0-301F-11D3-BF4B-00C04F79EFBC}") = "UnityVS.UIManager.CSharp", "UnityVS.UIManager.CSharp.csproj", "{FCB5ACC0-237D-EBAA-C64B-CB71D55E35D1}"
EndProject
Project("{FAE04EC0-301F-11D3-BF4B-00C04F79EFBC}") = "UnityVS.UIManager.CSharp.Editor", "UnityVS.UIManager.CSharp.Editor.csproj", "{853A2F26-7AD3-9682-5797-3E889E37E287}"
EndProject
Global
	GlobalSection(SolutionConfigurationPlatforms) = preSolution
		Debug|Any CPU = Debug|Any CPU
		Release|Any CPU = Release|Any CPU
	EndGlobalSection
	GlobalSection(ProjectConfigurationPlatforms) = postSolution
		{FCB5ACC0-237D-EBAA-C64B-CB71D55E35D1}.Debug|Any CPU.ActiveCfg = Debug|Any CPU
		{FCB5ACC0-237D-EBAA-C64B-CB71D55E35D1}.Debug|Any CPU.Build.0 = Debug|Any CPU
		{FCB5ACC0-237D-EBAA-C64B-CB71D55E35D1}.Release|Any CPU.ActiveCfg = Release|Any CPU
		{FCB5ACC0-237D-EBAA-C64B-CB71D55E35D1}.Release|Any CPU.Build.0 = Release|Any CPU
		{853A2F26-7AD3-9682-5797-3E889E37E287}.Debug|Any CPU.ActiveCfg = Debug|Any CPU
		{853A2F26-7AD3-9682-5797-3E889E37E287}.Debug|Any CPU.Build.0 = Debug|Any CPU
		{853A2F26-7AD3-9682-5797-3E889E37E287}.Release|Any CPU.ActiveCfg = Release|Any CPU
		{853A2F26-7AD3-9682-5797-3E889E37E287}.Release|Any CPU.Build.0 = Release|Any CPU
	EndGlobalSection
	GlobalSection(SolutionProperties) = preSolution
		HideSolutionNode = FALSE
	EndGlobalSection
EndGlobal
